// !$*UTF8*$!
{
	archiveVersion = 1;
	classes = {
	};
	objectVersion = 46;
	objects = {

/* Begin PBXBuildFile section */
		4026614C1BE7F52400BF39D6 /* 038420-glossy-black-icon-transport-travel-transportation-car9-sc44.png in Resources */ = {isa = PBXBuildFile; fileRef = 4026614B1BE7F52400BF39D6 /* 038420-glossy-black-icon-transport-travel-transportation-car9-sc44.png */; };
		4026614D1BE7F52400BF39D6 /* 038420-glossy-black-icon-transport-travel-transportation-car9-sc44.png in Resources */ = {isa = PBXBuildFile; fileRef = 4026614B1BE7F52400BF39D6 /* 038420-glossy-black-icon-transport-travel-transportation-car9-sc44.png */; };
		4049CD7E1BC2D43F00F1E353 /* AppDelegate.swift in Sources */ = {isa = PBXBuildFile; fileRef = 4049CD7D1BC2D43F00F1E353 /* AppDelegate.swift */; };
		4049CD811BC2D43F00F1E353 /* JMCMarchingAnts.xcdatamodeld in Sources */ = {isa = PBXBuildFile; fileRef = 4049CD7F1BC2D43F00F1E353 /* JMCMarchingAnts.xcdatamodeld */; };
		4049CD831BC2D43F00F1E353 /* ViewController.swift in Sources */ = {isa = PBXBuildFile; fileRef = 4049CD821BC2D43F00F1E353 /* ViewController.swift */; };
		4049CD861BC2D43F00F1E353 /* Main.storyboard in Resources */ = {isa = PBXBuildFile; fileRef = 4049CD841BC2D43F00F1E353 /* Main.storyboard */; };
		4049CD881BC2D43F00F1E353 /* Images.xcassets in Resources */ = {isa = PBXBuildFile; fileRef = 4049CD871BC2D43F00F1E353 /* Images.xcassets */; };
		4049CD8B1BC2D43F00F1E353 /* LaunchScreen.xib in Resources */ = {isa = PBXBuildFile; fileRef = 4049CD891BC2D43F00F1E353 /* LaunchScreen.xib */; };
		4049CD971BC2D43F00F1E353 /* JMCMarchingAntsTests.swift in Sources */ = {isa = PBXBuildFile; fileRef = 4049CD961BC2D43F00F1E353 /* JMCMarchingAntsTests.swift */; };
		4049CDA11BC2D4C000F1E353 /* shutter@2x.png in Resources */ = {isa = PBXBuildFile; fileRef = 4049CDA01BC2D4C000F1E353 /* shutter@2x.png */; };
		4049CDA21BC2D4C000F1E353 /* shutter@2x.png in Resources */ = {isa = PBXBuildFile; fileRef = 4049CDA01BC2D4C000F1E353 /* shutter@2x.png */; };
		4049CDA41BC2D54B00F1E353 /* JMCMarchingAnts.swift in Sources */ = {isa = PBXBuildFile; fileRef = 4049CDA31BC2D54B00F1E353 /* JMCMarchingAnts.swift */; };
		4049CDA51BC2D54B00F1E353 /* JMCMarchingAnts.swift in Sources */ = {isa = PBXBuildFile; fileRef = 4049CDA31BC2D54B00F1E353 /* JMCMarchingAnts.swift */; };
/* End PBXBuildFile section */

/* Begin PBXContainerItemProxy section */
		4049CD911BC2D43F00F1E353 /* PBXContainerItemProxy */ = {
			isa = PBXContainerItemProxy;
			containerPortal = 4049CD701BC2D43F00F1E353 /* Project object */;
			proxyType = 1;
			remoteGlobalIDString = 4049CD771BC2D43F00F1E353;
			remoteInfo = JMCMarchingAnts;
		};
/* End PBXContainerItemProxy section */

/* Begin PBXFileReference section */
		4026614B1BE7F52400BF39D6 /* 038420-glossy-black-icon-transport-travel-transportation-car9-sc44.png */ = {isa = PBXFileReference; lastKnownFileType = image.png; path = "038420-glossy-black-icon-transport-travel-transportation-car9-sc44.png"; sourceTree = "<group>"; };
		4049CD781BC2D43F00F1E353 /* JMCMarchingAnts.app */ = {isa = PBXFileReference; explicitFileType = wrapper.application; includeInIndex = 0; path = JMCMarchingAnts.app; sourceTree = BUILT_PRODUCTS_DIR; };
		4049CD7C1BC2D43F00F1E353 /* Info.plist */ = {isa = PBXFileReference; lastKnownFileType = text.plist.xml; path = Info.plist; sourceTree = "<group>"; };
		4049CD7D1BC2D43F00F1E353 /* AppDelegate.swift */ = {isa = PBXFileReference; lastKnownFileType = sourcecode.swift; path = AppDelegate.swift; sourceTree = "<group>"; };
		4049CD801BC2D43F00F1E353 /* JMCMarchingAnts.xcdatamodel */ = {isa = PBXFileReference; lastKnownFileType = wrapper.xcdatamodel; path = JMCMarchingAnts.xcdatamodel; sourceTree = "<group>"; };
		4049CD821BC2D43F00F1E353 /* ViewController.swift */ = {isa = PBXFileReference; lastKnownFileType = sourcecode.swift; path = ViewController.swift; sourceTree = "<group>"; };
		4049CD851BC2D43F00F1E353 /* Base */ = {isa = PBXFileReference; lastKnownFileType = file.storyboard; name = Base; path = Base.lproj/Main.storyboard; sourceTree = "<group>"; };
		4049CD871BC2D43F00F1E353 /* Images.xcassets */ = {isa = PBXFileReference; lastKnownFileType = folder.assetcatalog; path = Images.xcassets; sourceTree = "<group>"; };
		4049CD8A1BC2D43F00F1E353 /* Base */ = {isa = PBXFileReference; lastKnownFileType = file.xib; name = Base; path = Base.lproj/LaunchScreen.xib; sourceTree = "<group>"; };
		4049CD901BC2D43F00F1E353 /* JMCMarchingAntsTests.xctest */ = {isa = PBXFileReference; explicitFileType = wrapper.cfbundle; includeInIndex = 0; path = JMCMarchingAntsTests.xctest; sourceTree = BUILT_PRODUCTS_DIR; };
		4049CD951BC2D43F00F1E353 /* Info.plist */ = {isa = PBXFileReference; lastKnownFileType = text.plist.xml; path = Info.plist; sourceTree = "<group>"; };
		4049CD961BC2D43F00F1E353 /* JMCMarchingAntsTests.swift */ = {isa = PBXFileReference; lastKnownFileType = sourcecode.swift; path = JMCMarchingAntsTests.swift; sourceTree = "<group>"; };
		4049CDA01BC2D4C000F1E353 /* shutter@2x.png */ = {isa = PBXFileReference; lastKnownFileType = image.png; path = "shutter@2x.png"; sourceTree = "<group>"; };
		4049CDA31BC2D54B00F1E353 /* JMCMarchingAnts.swift */ = {isa = PBXFileReference; fileEncoding = 4; lastKnownFileType = sourcecode.swift; path = JMCMarchingAnts.swift; sourceTree = "<group>"; };
/* End PBXFileReference section */

/* Begin PBXFrameworksBuildPhase section */
		4049CD751BC2D43F00F1E353 /* Frameworks */ = {
			isa = PBXFrameworksBuildPhase;
			buildActionMask = 2147483647;
			files = (
			);
			runOnlyForDeploymentPostprocessing = 0;
		};
		4049CD8D1BC2D43F00F1E353 /* Frameworks */ = {
			isa = PBXFrameworksBuildPhase;
			buildActionMask = 2147483647;
			files = (
			);
			runOnlyForDeploymentPostprocessing = 0;
		};
/* End PBXFrameworksBuildPhase section */

/* Begin PBXGroup section */
		4049CD6F1BC2D43F00F1E353 = {
			isa = PBXGroup;
			children = (
				4049CD7A1BC2D43F00F1E353 /* JMCMarchingAnts */,
				4049CD931BC2D43F00F1E353 /* JMCMarchingAntsTests */,
				4049CD791BC2D43F00F1E353 /* Products */,
			);
			sourceTree = "<group>";
		};
		4049CD791BC2D43F00F1E353 /* Products */ = {
			isa = PBXGroup;
			children = (
				4049CD781BC2D43F00F1E353 /* JMCMarchingAnts.app */,
				4049CD901BC2D43F00F1E353 /* JMCMarchingAntsTests.xctest */,
			);
			name = Products;
			sourceTree = "<group>";
		};
		4049CD7A1BC2D43F00F1E353 /* JMCMarchingAnts */ = {
			isa = PBXGroup;
			children = (
				4049CDA01BC2D4C000F1E353 /* shutter@2x.png */,
				4049CD7D1BC2D43F00F1E353 /* AppDelegate.swift */,
				4049CD821BC2D43F00F1E353 /* ViewController.swift */,
				4049CDA31BC2D54B00F1E353 /* JMCMarchingAnts.swift */,
				4049CD841BC2D43F00F1E353 /* Main.storyboard */,
				4049CD871BC2D43F00F1E353 /* Images.xcassets */,
				4049CD891BC2D43F00F1E353 /* LaunchScreen.xib */,
				4049CD7F1BC2D43F00F1E353 /* JMCMarchingAnts.xcdatamodeld */,
				4026614B1BE7F52400BF39D6 /* 038420-glossy-black-icon-transport-travel-transportation-car9-sc44.png */,
				4049CD7B1BC2D43F00F1E353 /* Supporting Files */,
			);
			path = JMCMarchingAnts;
			sourceTree = "<group>";
		};
		4049CD7B1BC2D43F00F1E353 /* Supporting Files */ = {
			isa = PBXGroup;
			children = (
				4049CD7C1BC2D43F00F1E353 /* Info.plist */,
			);
			name = "Supporting Files";
			sourceTree = "<group>";
		};
		4049CD931BC2D43F00F1E353 /* JMCMarchingAntsTests */ = {
			isa = PBXGroup;
			children = (
				4049CD961BC2D43F00F1E353 /* JMCMarchingAntsTests.swift */,
				4049CD941BC2D43F00F1E353 /* Supporting Files */,
			);
			path = JMCMarchingAntsTests;
			sourceTree = "<group>";
		};
		4049CD941BC2D43F00F1E353 /* Supporting Files */ = {
			isa = PBXGroup;
			children = (
				4049CD951BC2D43F00F1E353 /* Info.plist */,
			);
			name = "Supporting Files";
			sourceTree = "<group>";
		};
/* End PBXGroup section */

/* Begin PBXNativeTarget section */
		4049CD771BC2D43F00F1E353 /* JMCMarchingAnts */ = {
			isa = PBXNativeTarget;
			buildConfigurationList = 4049CD9A1BC2D43F00F1E353 /* Build configuration list for PBXNativeTarget "JMCMarchingAnts" */;
			buildPhases = (
				4049CD741BC2D43F00F1E353 /* Sources */,
				4049CD751BC2D43F00F1E353 /* Frameworks */,
				4049CD761BC2D43F00F1E353 /* Resources */,
			);
			buildRules = (
			);
			dependencies = (
			);
			name = JMCMarchingAnts;
			productName = JMCMarchingAnts;
			productReference = 4049CD781BC2D43F00F1E353 /* JMCMarchingAnts.app */;
			productType = "com.apple.product-type.application";
		};
		4049CD8F1BC2D43F00F1E353 /* JMCMarchingAntsTests */ = {
			isa = PBXNativeTarget;
			buildConfigurationList = 4049CD9D1BC2D43F00F1E353 /* Build configuration list for PBXNativeTarget "JMCMarchingAntsTests" */;
			buildPhases = (
				4049CD8C1BC2D43F00F1E353 /* Sources */,
				4049CD8D1BC2D43F00F1E353 /* Frameworks */,
				4049CD8E1BC2D43F00F1E353 /* Resources */,
			);
			buildRules = (
			);
			dependencies = (
				4049CD921BC2D43F00F1E353 /* PBXTargetDependency */,
			);
			name = JMCMarchingAntsTests;
			productName = JMCMarchingAntsTests;
			productReference = 4049CD901BC2D43F00F1E353 /* JMCMarchingAntsTests.xctest */;
			productType = "com.apple.product-type.bundle.unit-test";
		};
/* End PBXNativeTarget section */

/* Begin PBXProject section */
		4049CD701BC2D43F00F1E353 /* Project object */ = {
			isa = PBXProject;
			attributes = {
				LastSwiftUpdateCheck = 0700;
				LastUpgradeCheck = 0640;
				ORGANIZATIONNAME = "Janusz Chudzynski";
				TargetAttributes = {
					4049CD771BC2D43F00F1E353 = {
						CreatedOnToolsVersion = 6.4;
					};
					4049CD8F1BC2D43F00F1E353 = {
						CreatedOnToolsVersion = 6.4;
						TestTargetID = 4049CD771BC2D43F00F1E353;
					};
				};
			};
			buildConfigurationList = 4049CD731BC2D43F00F1E353 /* Build configuration list for PBXProject "JMCMarchingAnts" */;
			compatibilityVersion = "Xcode 3.2";
			developmentRegion = English;
			hasScannedForEncodings = 0;
			knownRegions = (
				en,
				Base,
			);
			mainGroup = 4049CD6F1BC2D43F00F1E353;
			productRefGroup = 4049CD791BC2D43F00F1E353 /* Products */;
			projectDirPath = "";
			projectRoot = "";
			targets = (
				4049CD771BC2D43F00F1E353 /* JMCMarchingAnts */,
				4049CD8F1BC2D43F00F1E353 /* JMCMarchingAntsTests */,
			);
		};
/* End PBXProject section */

/* Begin PBXResourcesBuildPhase section */
		4049CD761BC2D43F00F1E353 /* Resources */ = {
			isa = PBXResourcesBuildPhase;
			buildActionMask = 2147483647;
			files = (
				4049CD861BC2D43F00F1E353 /* Main.storyboard in Resources */,
				4049CD8B1BC2D43F00F1E353 /* LaunchScreen.xib in Resources */,
				4049CDA11BC2D4C000F1E353 /* shutter@2x.png in Resources */,
				4049CD881BC2D43F00F1E353 /* Images.xcassets in Resources */,
				4026614C1BE7F52400BF39D6 /* 038420-glossy-black-icon-transport-travel-transportation-car9-sc44.png in Resources */,
			);
			runOnlyForDeploymentPostprocessing = 0;
		};
		4049CD8E1BC2D43F00F1E353 /* Resources */ = {
			isa = PBXResourcesBuildPhase;
			buildActionMask = 2147483647;
			files = (
				4049CDA21BC2D4C000F1E353 /* shutter@2x.png in Resources */,
				4026614D1BE7F52400BF39D6 /* 038420-glossy-black-icon-transport-travel-transportation-car9-sc44.png in Resources */,
			);
			runOnlyForDeploymentPostprocessing = 0;
		};
/* End PBXResourcesBuildPhase section */

/* Begin PBXSourcesBuildPhase section */
		4049CD741BC2D43F00F1E353 /* Sources */ = {
			isa = PBXSourcesBuildPhase;
			buildActionMask = 2147483647;
			files = (
				4049CD831BC2D43F00F1E353 /* ViewController.swift in Sources */,
				4049CDA41BC2D54B00F1E353 /* JMCMarchingAnts.swift in Sources */,
				4049CD7E1BC2D43F00F1E353 /* AppDelegate.swift in Sources */,
				4049CD811BC2D43F00F1E353 /* JMCMarchingAnts.xcdatamodeld in Sources */,
			);
			runOnlyForDeploymentPostprocessing = 0;
		};
		4049CD8C1BC2D43F00F1E353 /* Sources */ = {
			isa = PBXSourcesBuildPhase;
			buildActionMask = 2147483647;
			files = (
				4049CD971BC2D43F00F1E353 /* JMCMarchingAntsTests.swift in Sources */,
				4049CDA51BC2D54B00F1E353 /* JMCMarchingAnts.swift in Sources */,
			);
			runOnlyForDeploymentPostprocessing = 0;
		};
/* End PBXSourcesBuildPhase section */

/* Begin PBXTargetDependency section */
		4049CD921BC2D43F00F1E353 /* PBXTargetDependency */ = {
			isa = PBXTargetDependency;
			target = 4049CD771BC2D43F00F1E353 /* JMCMarchingAnts */;
			targetProxy = 4049CD911BC2D43F00F1E353 /* PBXContainerItemProxy */;
		};
/* End PBXTargetDependency section */

/* Begin PBXVariantGroup section */
		4049CD841BC2D43F00F1E353 /* Main.storyboard */ = {
			isa = PBXVariantGroup;
			children = (
				4049CD851BC2D43F00F1E353 /* Base */,
			);
			name = Main.storyboard;
			sourceTree = "<group>";
		};
		4049CD891BC2D43F00F1E353 /* LaunchScreen.xib */ = {
			isa = PBXVariantGroup;
			children = (
				4049CD8A1BC2D43F00F1E353 /* Base */,
			);
			name = LaunchScreen.xib;
			sourceTree = "<group>";
		};
/* End PBXVariantGroup section */

/* Begin XCBuildConfiguration section */
		4049CD981BC2D43F00F1E353 /* Debug */ = {
			isa = XCBuildConfiguration;
			buildSettings = {
				ALWAYS_SEARCH_USER_PATHS = NO;
				CLANG_CXX_LANGUAGE_STANDARD = "gnu++0x";
				CLANG_CXX_LIBRARY = "libc++";
				CLANG_ENABLE_MODULES = YES;
				CLANG_ENABLE_OBJC_ARC = YES;
				CLANG_WARN_BOOL_CONVERSION = YES;
				CLANG_WARN_CONSTANT_CONVERSION = YES;
				CLANG_WARN_DIRECT_OBJC_ISA_USAGE = YES_ERROR;
				CLANG_WARN_EMPTY_BODY = YES;
				CLANG_WARN_ENUM_CONVERSION = YES;
				CLANG_WARN_INT_CONVERSION = YES;
				CLANG_WARN_OBJC_ROOT_CLASS = YES_ERROR;
				CLANG_WARN_UNREACHABLE_CODE = YES;
				CLANG_WARN__DUPLICATE_METHOD_MATCH = YES;
				"CODE_SIGN_IDENTITY[sdk=iphoneos*]" = "iPhone Developer";
				COPY_PHASE_STRIP = NO;
				DEBUG_INFORMATION_FORMAT = "dwarf-with-dsym";
				ENABLE_STRICT_OBJC_MSGSEND = YES;
				GCC_C_LANGUAGE_STANDARD = gnu99;
				GCC_DYNAMIC_NO_PIC = NO;
				GCC_NO_COMMON_BLOCKS = YES;
				GCC_OPTIMIZATION_LEVEL = 0;
				GCC_PREPROCESSOR_DEFINITIONS = (
					"DEBUG=1",
					"$(inherited)",
				);
				GCC_SYMBOLS_PRIVATE_EXTERN = NO;
				GCC_WARN_64_TO_32_BIT_CONVERSION = YES;
				GCC_WARN_ABOUT_RETURN_TYPE = YES_ERROR;
				GCC_WARN_UNDECLARED_SELECTOR = YES;
				GCC_WARN_UNINITIALIZED_AUTOS = YES_AGGRESSIVE;
				GCC_WARN_UNUSED_FUNCTION = YES;
				GCC_WARN_UNUSED_VARIABLE = YES;
				IPHONEOS_DEPLOYMENT_TARGET = 8.4;
				MTL_ENABLE_DEBUG_INFO = YES;
				ONLY_ACTIVE_ARCH = YES;
				SDKROOT = iphoneos;
				SWIFT_OPTIMIZATION_LEVEL = "-Onone";
			};
			name = Debug;
		};
		4049CD991BC2D43F00F1E353 /* Release */ = {
			isa = XCBuildConfiguration;
			buildSettings = {
				ALWAYS_SEARCH_USER_PATHS = NO;
				CLANG_CXX_LANGUAGE_STANDARD = "gnu++0x";
				CLANG_CXX_LIBRARY = "libc++";
				CLANG_ENABLE_MODULES = YES;
				CLANG_ENABLE_OBJC_ARC = YES;
				CLANG_WARN_BOOL_CONVERSION = YES;
				CLANG_WARN_CONSTANT_CONVERSION = YES;
				CLANG_WARN_DIRECT_OBJC_ISA_USAGE = YES_ERROR;
				CLANG_WARN_EMPTY_BODY = YES;
				CLANG_WARN_ENUM_CONVERSION = YES;
				CLANG_WARN_INT_CONVERSION = YES;
				CLANG_WARN_OBJC_ROOT_CLASS = YES_ERROR;
				CLANG_WARN_UNREACHABLE_CODE = YES;
				CLANG_WARN__DUPLICATE_METHOD_MATCH = YES;
				"CODE_SIGN_IDENTITY[sdk=iphoneos*]" = "iPhone Developer";
				COPY_PHASE_STRIP = NO;
				DEBUG_INFORMATION_FORMAT = "dwarf-with-dsym";
				ENABLE_NS_ASSERTIONS = NO;
				ENABLE_STRICT_OBJC_MSGSEND = YES;
				GCC_C_LANGUAGE_STANDARD = gnu99;
				GCC_NO_COMMON_BLOCKS = YES;
				GCC_WARN_64_TO_32_BIT_CONVERSION = YES;
				GCC_WARN_ABOUT_RETURN_TYPE = YES_ERROR;
				GCC_WARN_UNDECLARED_SELECTOR = YES;
				GCC_WARN_UNINITIALIZED_AUTOS = YES_AGGRESSIVE;
				GCC_WARN_UNUSED_FUNCTION = YES;
				GCC_WARN_UNUSED_VARIABLE = YES;
				IPHONEOS_DEPLOYMENT_TARGET = 8.4;
				MTL_ENABLE_DEBUG_INFO = NO;
				SDKROOT = iphoneos;
				VALIDATE_PRODUCT = YES;
			};
			name = Release;
		};
		4049CD9B1BC2D43F00F1E353 /* Debug */ = {
			isa = XCBuildConfiguration;
			buildSettings = {
				ASSETCATALOG_COMPILER_APPICON_NAME = AppIcon;
				CLANG_ENABLE_MODULES = YES;
				INFOPLIST_FILE = JMCMarchingAnts/Info.plist;
				LD_RUNPATH_SEARCH_PATHS = "$(inherited) @executable_path/Frameworks";
				PRODUCT_NAME = "$(TARGET_NAME)";
				SWIFT_OBJC_BRIDGING_HEADER = "";
				SWIFT_OPTIMIZATION_LEVEL = "-Onone";
			};
			name = Debug;
		};
		4049CD9C1BC2D43F00F1E353 /* Release */ = {
			isa = XCBuildConfiguration;
			buildSettings = {
				ASSETCATALOG_COMPILER_APPICON_NAME = AppIcon;
				CLANG_ENABLE_MODULES = YES;
				INFOPLIST_FILE = JMCMarchingAnts/Info.plist;
				LD_RUNPATH_SEARCH_PATHS = "$(inherited) @executable_path/Frameworks";
				PRODUCT_NAME = "$(TARGET_NAME)";
				SWIFT_OBJC_BRIDGING_HEADER = "";
			};
			name = Release;
		};
		4049CD9E1BC2D43F00F1E353 /* Debug */ = {
			isa = XCBuildConfiguration;
			buildSettings = {
				BUNDLE_LOADER = "$(TEST_HOST)";
				CLANG_ENABLE_MODULES = YES;
				FRAMEWORK_SEARCH_PATHS = (
					"$(SDKROOT)/Developer/Library/Frameworks",
					"$(inherited)",
				);
				GCC_PREPROCESSOR_DEFINITIONS = (
					"DEBUG=1",
					"$(inherited)",
				);
				INFOPLIST_FILE = JMCMarchingAntsTests/Info.plist;
				LD_RUNPATH_SEARCH_PATHS = "$(inherited) @executable_path/Frameworks @loader_path/Frameworks";
				PRODUCT_NAME = "$(TARGET_NAME)";
				SWIFT_OBJC_BRIDGING_HEADER = "";
				SWIFT_OPTIMIZATION_LEVEL = "-Onone";
				TEST_HOST = "$(BUILT_PRODUCTS_DIR)/JMCMarchingAnts.app/JMCMarchingAnts";
			};
			name = Debug;
		};
		4049CD9F1BC2D43F00F1E353 /* Release */ = {
			isa = XCBuildConfiguration;
			buildSettings = {
				BUNDLE_LOADER = "$(TEST_HOST)";
				CLANG_ENABLE_MODULES = YES;
				FRAMEWORK_SEARCH_PATHS = (
					"$(SDKROOT)/Developer/Library/Frameworks",
					"$(inherited)",
				);
				INFOPLIST_FILE = JMCMarchingAntsTests/Info.plist;
				LD_RUNPATH_SEARCH_PATHS = "$(inherited) @executable_path/Frameworks @loader_path/Frameworks";
				PRODUCT_NAME = "$(TARGET_NAME)";
				SWIFT_OBJC_BRIDGING_HEADER = "";
				TEST_HOST = "$(BUILT_PRODUCTS_DIR)/JMCMarchingAnts.app/JMCMarchingAnts";
			};
			name = Release;
		};
/* End XCBuildConfiguration section */

/* Begin XCConfigurationList section */
		4049CD731BC2D43F00F1E353 /* Build configuration list for PBXProject "JMCMarchingAnts" */ = {
			isa = XCConfigurationList;
			buildConfigurations = (
				4049CD981BC2D43F00F1E353 /* Debug */,
				4049CD991BC2D43F00F1E353 /* Release */,
			);
			defaultConfigurationIsVisible = 0;
			defaultConfigurationName = Release;
		};
		4049CD9A1BC2D43F00F1E353 /* Build configuration list for PBXNativeTarget "JMCMarchingAnts" */ = {
			isa = XCConfigurationList;
			buildConfigurations = (
				4049CD9B1BC2D43F00F1E353 /* Debug */,
				4049CD9C1BC2D43F00F1E353 /* Release */,
			);
			defaultConfigurationIsVisible = 0;
			defaultConfigurationName = Release;
		};
		4049CD9D1BC2D43F00F1E353 /* Build configuration list for PBXNativeTarget "JMCMarchingAntsTests" */ = {
			isa = XCConfigurationList;
			buildConfigurations = (
				4049CD9E1BC2D43F00F1E353 /* Debug */,
				4049CD9F1BC2D43F00F1E353 /* Release */,
			);
			defaultConfigurationIsVisible = 0;
			defaultConfigurationName = Release;
		};
/* End XCConfigurationList section */

/* Begin XCVersionGroup section */
		4049CD7F1BC2D43F00F1E353 /* JMCMarchingAnts.xcdatamodeld */ = {
			isa = XCVersionGroup;
			children = (
				4049CD801BC2D43F00F1E353 /* JMCMarchingAnts.xcdatamodel */,
			);
			currentVersion = 4049CD801BC2D43F00F1E353 /* JMCMarchingAnts.xcdatamodel */;
			path = JMCMarchingAnts.xcdatamodeld;
			sourceTree = "<group>";
			versionGroupType = wrapper.xcdatamodel;
		};
/* End XCVersionGroup section */
	};
	rootObject = 4049CD701BC2D43F00F1E353 /* Project object */;
}
